{
  "object": {
    "pins": [
      {
        "package": "CoreExtensions",
        "repositoryURL": "https://github.com/aetherealtech/SwiftCoreExtensions.git",
        "state": {
          "branch": "master",
          "revision": "7ea3340f736446c625fec5090f6180e4987f8ba8",
          "version": null
        }
      },
      {
        "package": "EventStreams",
        "repositoryURL": "https://github.com/aetherealtech/SwiftEventStreams.git",
        "state": {
          "branch": "master",
          "revision": "3cd47ca322defc7100c867dec00b54ea12cd555b",
          "version": null
        }
      },
      {
        "package": "Observer",
        "repositoryURL": "https://github.com/aetherealtech/SwiftObserver.git",
        "state": {
          "branch": "master",
          "revision": "85b54b064c9fc2d70e37a981181690317b573b1c",
          "version": null
        }
      },
      {
        "package": "Scheduling",
        "repositoryURL": "https://github.com/aetherealtech/SwiftScheduling.git",
        "state": {
          "branch": "master",
          "revision": "fda79bde1bb177c625e8d54d8fbc086382532bf8",
          "version": null
        }
      }
    ]
  },
  "version": 1
}
