{
  "object": {
    "pins": [
      {
        "package": "CoreExtensions",
        "repositoryURL": "https://github.com/aetherealtech/SwiftCoreExtensions.git",
        "state": {
          "branch": "master",
          "revision": "503bd5b4349f7a23f4ba2c72082e50e0cfe54fa1",
          "version": null
        }
      },
      {
        "package": "EventStreams",
        "repositoryURL": "https://github.com/aetherealtech/SwiftEventStreams.git",
        "state": {
          "branch": "master",
          "revision": "2cd8e5cecd121b1408bee0031fab8a393c69cf4d",
          "version": null
        }
      },
      {
        "package": "Observer",
        "repositoryURL": "https://github.com/aetherealtech/SwiftObserver.git",
        "state": {
          "branch": "master",
          "revision": "13a60c1d74a6b010130437d9f9595da9349d5eeb",
          "version": null
        }
      },
      {
        "package": "Scheduling",
        "repositoryURL": "https://github.com/aetherealtech/SwiftScheduling.git",
        "state": {
          "branch": "master",
          "revision": "fda79bde1bb177c625e8d54d8fbc086382532bf8",
          "version": null
        }
      }
    ]
  },
  "version": 1
}
